// !$*UTF8*$!
{
	archiveVersion = 1;
	classes = {
	};
	objectVersion = 55;
	objects = {

/* Begin PBXBuildFile section */
		4AA8A73DAB9CC04480C46F98 /* Pods_TianSourcesTests.framework in Frameworks */ = {isa = PBXBuildFile; fileRef = 29129F1F6DBCDA2E8DCAC808 /* Pods_TianSourcesTests.framework */; };
		6E4A676A2B08EBA10040A136 /* TAExtension+UIView.swift in Sources */ = {isa = PBXBuildFile; fileRef = 6E4A67692B08EBA10040A136 /* TAExtension+UIView.swift */; };
		6E4A676C2B08EBF20040A136 /* TAExtension+UIFont.swift in Sources */ = {isa = PBXBuildFile; fileRef = 6E4A676B2B08EBF20040A136 /* TAExtension+UIFont.swift */; };
		6E4A676E2B08EC340040A136 /* TAExtension+UIViewController.swift in Sources */ = {isa = PBXBuildFile; fileRef = 6E4A676D2B08EC340040A136 /* TAExtension+UIViewController.swift */; };
		6E4A67702B08ED460040A136 /* TAExtension+UIImageView.swift in Sources */ = {isa = PBXBuildFile; fileRef = 6E4A676F2B08ED460040A136 /* TAExtension+UIImageView.swift */; };
		6E4A67722B08EDD40040A136 /* TAExtensionDevice.swift in Sources */ = {isa = PBXBuildFile; fileRef = 6E4A67712B08EDD40040A136 /* TAExtensionDevice.swift */; };
		6E4D34E3287F276900E88D45 /* TAButtonCustom.swift in Sources */ = {isa = PBXBuildFile; fileRef = 6E4D34E2287F276900E88D45 /* TAButtonCustom.swift */; };
		6EA8E039287B3C7800FC2B13 /* AppDelegate.swift in Sources */ = {isa = PBXBuildFile; fileRef = 6EA8E038287B3C7800FC2B13 /* AppDelegate.swift */; };
		6EA8E03B287B3C7800FC2B13 /* SceneDelegate.swift in Sources */ = {isa = PBXBuildFile; fileRef = 6EA8E03A287B3C7800FC2B13 /* SceneDelegate.swift */; };
		6EA8E03D287B3C7800FC2B13 /* TAMainViewController.swift in Sources */ = {isa = PBXBuildFile; fileRef = 6EA8E03C287B3C7800FC2B13 /* TAMainViewController.swift */; };
		6EA8E042287B3C7A00FC2B13 /* Assets.xcassets in Resources */ = {isa = PBXBuildFile; fileRef = 6EA8E041287B3C7A00FC2B13 /* Assets.xcassets */; };
		6EA8E045287B3C7A00FC2B13 /* LaunchScreen.storyboard in Resources */ = {isa = PBXBuildFile; fileRef = 6EA8E043287B3C7A00FC2B13 /* LaunchScreen.storyboard */; };
		6EA8E050287B3C7A00FC2B13 /* TianSourcesTests.swift in Sources */ = {isa = PBXBuildFile; fileRef = 6EA8E04F287B3C7A00FC2B13 /* TianSourcesTests.swift */; };
		6EA8E05A287B3C7A00FC2B13 /* TianSourcesUITests.swift in Sources */ = {isa = PBXBuildFile; fileRef = 6EA8E059287B3C7A00FC2B13 /* TianSourcesUITests.swift */; };
		6EA8E05C287B3C7A00FC2B13 /* TianSourcesUITestsLaunchTests.swift in Sources */ = {isa = PBXBuildFile; fileRef = 6EA8E05B287B3C7A00FC2B13 /* TianSourcesUITestsLaunchTests.swift */; };
		6EA8E06A287B3CA000FC2B13 /* SettingTableViewCell.swift in Sources */ = {isa = PBXBuildFile; fileRef = 6EA8E068287B3CA000FC2B13 /* SettingTableViewCell.swift */; };
		6EA8E06B287B3CA000FC2B13 /* SwitchTableViewCell.swift in Sources */ = {isa = PBXBuildFile; fileRef = 6EA8E069287B3CA000FC2B13 /* SwitchTableViewCell.swift */; };
		6EA8E079287B407600FC2B13 /* AppStoryboard.swift in Sources */ = {isa = PBXBuildFile; fileRef = 6EA8E078287B407600FC2B13 /* AppStoryboard.swift */; };
		6EA8E07C287B419100FC2B13 /* TALauncherViewController.swift in Sources */ = {isa = PBXBuildFile; fileRef = 6EA8E07B287B419100FC2B13 /* TALauncherViewController.swift */; };
		6EA8E07E287B42BD00FC2B13 /* BaseViewController.swift in Sources */ = {isa = PBXBuildFile; fileRef = 6EA8E07D287B42BD00FC2B13 /* BaseViewController.swift */; };
		6EA8E081287B47C600FC2B13 /* Main.storyboard in Resources */ = {isa = PBXBuildFile; fileRef = 6EA8E080287B47C600FC2B13 /* Main.storyboard */; };
		6ECA34C828BC784000DC4708 /* TAIconTextButton.swift in Sources */ = {isa = PBXBuildFile; fileRef = 6ECA34C728BC784000DC4708 /* TAIconTextButton.swift */; };
		6ECA34CA28BC785F00DC4708 /* TATwoLineButton.swift in Sources */ = {isa = PBXBuildFile; fileRef = 6ECA34C928BC785F00DC4708 /* TATwoLineButton.swift */; };
		6ECA34CD28BCB04100DC4708 /* TAToastViewController.swift in Sources */ = {isa = PBXBuildFile; fileRef = 6ECA34CC28BCB04100DC4708 /* TAToastViewController.swift */; };
		6EFFAB3628BCC2A600DB6423 /* TASnackbarView.swift in Sources */ = {isa = PBXBuildFile; fileRef = 6EFFAB3528BCC2A600DB6423 /* TASnackbarView.swift */; };
		6EFFAB3828BCC2C100DB6423 /* TASnackbarViewModel.swift in Sources */ = {isa = PBXBuildFile; fileRef = 6EFFAB3728BCC2C100DB6423 /* TASnackbarViewModel.swift */; };
		73C114ADC0CD00EAB5413074 /* Pods_TianSources_TianSourcesUITests.framework in Frameworks */ = {isa = PBXBuildFile; fileRef = 86EAE734488881C8BCE7B810 /* Pods_TianSources_TianSourcesUITests.framework */; };
		E12343EF65283537C2A0C0D4 /* Pods_TianSources.framework in Frameworks */ = {isa = PBXBuildFile; fileRef = D47964CB144DB73847E23F1C /* Pods_TianSources.framework */; };
/* End PBXBuildFile section */

/* Begin PBXContainerItemProxy section */
		6EA8E04C287B3C7A00FC2B13 /* PBXContainerItemProxy */ = {
			isa = PBXContainerItemProxy;
			containerPortal = 6EA8E02D287B3C7800FC2B13 /* Project object */;
			proxyType = 1;
			remoteGlobalIDString = 6EA8E034287B3C7800FC2B13;
			remoteInfo = TianSources;
		};
		6EA8E056287B3C7A00FC2B13 /* PBXContainerItemProxy */ = {
			isa = PBXContainerItemProxy;
			containerPortal = 6EA8E02D287B3C7800FC2B13 /* Project object */;
			proxyType = 1;
			remoteGlobalIDString = 6EA8E034287B3C7800FC2B13;
			remoteInfo = TianSources;
		};
/* End PBXContainerItemProxy section */

/* Begin PBXFileReference section */
		1B92C52EDA93564CB10B5C45 /* Pods-TianSourcesTests.release.xcconfig */ = {isa = PBXFileReference; includeInIndex = 1; lastKnownFileType = text.xcconfig; name = "Pods-TianSourcesTests.release.xcconfig"; path = "Target Support Files/Pods-TianSourcesTests/Pods-TianSourcesTests.release.xcconfig"; sourceTree = "<group>"; };
		29129F1F6DBCDA2E8DCAC808 /* Pods_TianSourcesTests.framework */ = {isa = PBXFileReference; explicitFileType = wrapper.framework; includeInIndex = 0; path = Pods_TianSourcesTests.framework; sourceTree = BUILT_PRODUCTS_DIR; };
		6C080FE30C3E0A0C0E6EB47F /* Pods-TianSources.release.xcconfig */ = {isa = PBXFileReference; includeInIndex = 1; lastKnownFileType = text.xcconfig; name = "Pods-TianSources.release.xcconfig"; path = "Target Support Files/Pods-TianSources/Pods-TianSources.release.xcconfig"; sourceTree = "<group>"; };
		6E4A67692B08EBA10040A136 /* TAExtension+UIView.swift */ = {isa = PBXFileReference; lastKnownFileType = sourcecode.swift; path = "TAExtension+UIView.swift"; sourceTree = "<group>"; };
		6E4A676B2B08EBF20040A136 /* TAExtension+UIFont.swift */ = {isa = PBXFileReference; lastKnownFileType = sourcecode.swift; path = "TAExtension+UIFont.swift"; sourceTree = "<group>"; };
		6E4A676D2B08EC340040A136 /* TAExtension+UIViewController.swift */ = {isa = PBXFileReference; lastKnownFileType = sourcecode.swift; path = "TAExtension+UIViewController.swift"; sourceTree = "<group>"; };
		6E4A676F2B08ED460040A136 /* TAExtension+UIImageView.swift */ = {isa = PBXFileReference; lastKnownFileType = sourcecode.swift; path = "TAExtension+UIImageView.swift"; sourceTree = "<group>"; };
		6E4A67712B08EDD40040A136 /* TAExtensionDevice.swift */ = {isa = PBXFileReference; lastKnownFileType = sourcecode.swift; path = TAExtensionDevice.swift; sourceTree = "<group>"; };
		6E4D34E2287F276900E88D45 /* TAButtonCustom.swift */ = {isa = PBXFileReference; lastKnownFileType = sourcecode.swift; path = TAButtonCustom.swift; sourceTree = "<group>"; };
		6EA8E035287B3C7800FC2B13 /* TianSources.app */ = {isa = PBXFileReference; explicitFileType = wrapper.application; includeInIndex = 0; path = TianSources.app; sourceTree = BUILT_PRODUCTS_DIR; };
		6EA8E038287B3C7800FC2B13 /* AppDelegate.swift */ = {isa = PBXFileReference; lastKnownFileType = sourcecode.swift; path = AppDelegate.swift; sourceTree = "<group>"; };
		6EA8E03A287B3C7800FC2B13 /* SceneDelegate.swift */ = {isa = PBXFileReference; lastKnownFileType = sourcecode.swift; path = SceneDelegate.swift; sourceTree = "<group>"; };
		6EA8E03C287B3C7800FC2B13 /* TAMainViewController.swift */ = {isa = PBXFileReference; lastKnownFileType = sourcecode.swift; path = TAMainViewController.swift; sourceTree = "<group>"; };
		6EA8E041287B3C7A00FC2B13 /* Assets.xcassets */ = {isa = PBXFileReference; lastKnownFileType = folder.assetcatalog; path = Assets.xcassets; sourceTree = "<group>"; };
		6EA8E044287B3C7A00FC2B13 /* Base */ = {isa = PBXFileReference; lastKnownFileType = file.storyboard; name = Base; path = Base.lproj/LaunchScreen.storyboard; sourceTree = "<group>"; };
		6EA8E046287B3C7A00FC2B13 /* Info.plist */ = {isa = PBXFileReference; lastKnownFileType = text.plist.xml; path = Info.plist; sourceTree = "<group>"; };
		6EA8E04B287B3C7A00FC2B13 /* TianSourcesTests.xctest */ = {isa = PBXFileReference; explicitFileType = wrapper.cfbundle; includeInIndex = 0; path = TianSourcesTests.xctest; sourceTree = BUILT_PRODUCTS_DIR; };
		6EA8E04F287B3C7A00FC2B13 /* TianSourcesTests.swift */ = {isa = PBXFileReference; lastKnownFileType = sourcecode.swift; path = TianSourcesTests.swift; sourceTree = "<group>"; };
		6EA8E055287B3C7A00FC2B13 /* TianSourcesUITests.xctest */ = {isa = PBXFileReference; explicitFileType = wrapper.cfbundle; includeInIndex = 0; path = TianSourcesUITests.xctest; sourceTree = BUILT_PRODUCTS_DIR; };
		6EA8E059287B3C7A00FC2B13 /* TianSourcesUITests.swift */ = {isa = PBXFileReference; lastKnownFileType = sourcecode.swift; path = TianSourcesUITests.swift; sourceTree = "<group>"; };
		6EA8E05B287B3C7A00FC2B13 /* TianSourcesUITestsLaunchTests.swift */ = {isa = PBXFileReference; lastKnownFileType = sourcecode.swift; path = TianSourcesUITestsLaunchTests.swift; sourceTree = "<group>"; };
		6EA8E068287B3CA000FC2B13 /* SettingTableViewCell.swift */ = {isa = PBXFileReference; fileEncoding = 4; lastKnownFileType = sourcecode.swift; path = SettingTableViewCell.swift; sourceTree = "<group>"; };
		6EA8E069287B3CA000FC2B13 /* SwitchTableViewCell.swift */ = {isa = PBXFileReference; fileEncoding = 4; lastKnownFileType = sourcecode.swift; path = SwitchTableViewCell.swift; sourceTree = "<group>"; };
		6EA8E078287B407600FC2B13 /* AppStoryboard.swift */ = {isa = PBXFileReference; lastKnownFileType = sourcecode.swift; path = AppStoryboard.swift; sourceTree = "<group>"; };
		6EA8E07B287B419100FC2B13 /* TALauncherViewController.swift */ = {isa = PBXFileReference; lastKnownFileType = sourcecode.swift; path = TALauncherViewController.swift; sourceTree = "<group>"; };
		6EA8E07D287B42BD00FC2B13 /* BaseViewController.swift */ = {isa = PBXFileReference; lastKnownFileType = sourcecode.swift; path = BaseViewController.swift; sourceTree = "<group>"; };
		6EA8E080287B47C600FC2B13 /* Main.storyboard */ = {isa = PBXFileReference; lastKnownFileType = file.storyboard; path = Main.storyboard; sourceTree = "<group>"; };
		6ECA34C728BC784000DC4708 /* TAIconTextButton.swift */ = {isa = PBXFileReference; lastKnownFileType = sourcecode.swift; path = TAIconTextButton.swift; sourceTree = "<group>"; };
		6ECA34C928BC785F00DC4708 /* TATwoLineButton.swift */ = {isa = PBXFileReference; lastKnownFileType = sourcecode.swift; path = TATwoLineButton.swift; sourceTree = "<group>"; };
		6ECA34CC28BCB04100DC4708 /* TAToastViewController.swift */ = {isa = PBXFileReference; lastKnownFileType = sourcecode.swift; path = TAToastViewController.swift; sourceTree = "<group>"; };
		6EFFAB3528BCC2A600DB6423 /* TASnackbarView.swift */ = {isa = PBXFileReference; lastKnownFileType = sourcecode.swift; path = TASnackbarView.swift; sourceTree = "<group>"; };
		6EFFAB3728BCC2C100DB6423 /* TASnackbarViewModel.swift */ = {isa = PBXFileReference; lastKnownFileType = sourcecode.swift; path = TASnackbarViewModel.swift; sourceTree = "<group>"; };
		86EAE734488881C8BCE7B810 /* Pods_TianSources_TianSourcesUITests.framework */ = {isa = PBXFileReference; explicitFileType = wrapper.framework; includeInIndex = 0; path = Pods_TianSources_TianSourcesUITests.framework; sourceTree = BUILT_PRODUCTS_DIR; };
		B63CDB73B61750B465608629 /* Pods-TianSourcesTests.debug.xcconfig */ = {isa = PBXFileReference; includeInIndex = 1; lastKnownFileType = text.xcconfig; name = "Pods-TianSourcesTests.debug.xcconfig"; path = "Target Support Files/Pods-TianSourcesTests/Pods-TianSourcesTests.debug.xcconfig"; sourceTree = "<group>"; };
		D47964CB144DB73847E23F1C /* Pods_TianSources.framework */ = {isa = PBXFileReference; explicitFileType = wrapper.framework; includeInIndex = 0; path = Pods_TianSources.framework; sourceTree = BUILT_PRODUCTS_DIR; };
		D694C8A5C6B1E7783B6F51CA /* Pods-TianSources.debug.xcconfig */ = {isa = PBXFileReference; includeInIndex = 1; lastKnownFileType = text.xcconfig; name = "Pods-TianSources.debug.xcconfig"; path = "Target Support Files/Pods-TianSources/Pods-TianSources.debug.xcconfig"; sourceTree = "<group>"; };
		DD9422DC5F2322FB1EF33D3C /* Pods-TianSources-TianSourcesUITests.debug.xcconfig */ = {isa = PBXFileReference; includeInIndex = 1; lastKnownFileType = text.xcconfig; name = "Pods-TianSources-TianSourcesUITests.debug.xcconfig"; path = "Target Support Files/Pods-TianSources-TianSourcesUITests/Pods-TianSources-TianSourcesUITests.debug.xcconfig"; sourceTree = "<group>"; };
		E83A550340EAB459E02E8441 /* Pods-TianSources-TianSourcesUITests.release.xcconfig */ = {isa = PBXFileReference; includeInIndex = 1; lastKnownFileType = text.xcconfig; name = "Pods-TianSources-TianSourcesUITests.release.xcconfig"; path = "Target Support Files/Pods-TianSources-TianSourcesUITests/Pods-TianSources-TianSourcesUITests.release.xcconfig"; sourceTree = "<group>"; };
/* End PBXFileReference section */

/* Begin PBXFrameworksBuildPhase section */
		6EA8E032287B3C7800FC2B13 /* Frameworks */ = {
			isa = PBXFrameworksBuildPhase;
			buildActionMask = 2147483647;
			files = (
				E12343EF65283537C2A0C0D4 /* Pods_TianSources.framework in Frameworks */,
			);
			runOnlyForDeploymentPostprocessing = 0;
		};
		6EA8E048287B3C7A00FC2B13 /* Frameworks */ = {
			isa = PBXFrameworksBuildPhase;
			buildActionMask = 2147483647;
			files = (
				4AA8A73DAB9CC04480C46F98 /* Pods_TianSourcesTests.framework in Frameworks */,
			);
			runOnlyForDeploymentPostprocessing = 0;
		};
		6EA8E052287B3C7A00FC2B13 /* Frameworks */ = {
			isa = PBXFrameworksBuildPhase;
			buildActionMask = 2147483647;
			files = (
				73C114ADC0CD00EAB5413074 /* Pods_TianSources_TianSourcesUITests.framework in Frameworks */,
			);
			runOnlyForDeploymentPostprocessing = 0;
		};
/* End PBXFrameworksBuildPhase section */

/* Begin PBXGroup section */
		6E4A67682B08EAE90040A136 /* Extensions */ = {
			isa = PBXGroup;
			children = (
				6E4A67692B08EBA10040A136 /* TAExtension+UIView.swift */,
				6E4A676B2B08EBF20040A136 /* TAExtension+UIFont.swift */,
				6E4A676D2B08EC340040A136 /* TAExtension+UIViewController.swift */,
				6E4A676F2B08ED460040A136 /* TAExtension+UIImageView.swift */,
				6E4A67712B08EDD40040A136 /* TAExtensionDevice.swift */,
			);
			path = Extensions;
			sourceTree = "<group>";
		};
		6E4D34E1287F274800E88D45 /* TAButton */ = {
			isa = PBXGroup;
			children = (
				6E4D34E2287F276900E88D45 /* TAButtonCustom.swift */,
				6ECA34C728BC784000DC4708 /* TAIconTextButton.swift */,
				6ECA34C928BC785F00DC4708 /* TATwoLineButton.swift */,
			);
			path = TAButton;
			sourceTree = "<group>";
		};
		6EA8E02C287B3C7800FC2B13 = {
			isa = PBXGroup;
			children = (
				6EA8E037287B3C7800FC2B13 /* TianSources */,
				6EA8E04E287B3C7A00FC2B13 /* TianSourcesTests */,
				6EA8E058287B3C7A00FC2B13 /* TianSourcesUITests */,
				6EA8E036287B3C7800FC2B13 /* Products */,
				EB78AE2C646F962AF14801A0 /* Pods */,
				B2A313C731461F858D07E57A /* Frameworks */,
			);
			sourceTree = "<group>";
		};
		6EA8E036287B3C7800FC2B13 /* Products */ = {
			isa = PBXGroup;
			children = (
				6EA8E035287B3C7800FC2B13 /* TianSources.app */,
				6EA8E04B287B3C7A00FC2B13 /* TianSourcesTests.xctest */,
				6EA8E055287B3C7A00FC2B13 /* TianSourcesUITests.xctest */,
			);
			name = Products;
			sourceTree = "<group>";
		};
		6EA8E037287B3C7800FC2B13 /* TianSources */ = {
			isa = PBXGroup;
			children = (
				6EA8E06F287B3D8300FC2B13 /* ModelView */,
				6EA8E06E287B3D7F00FC2B13 /* Models */,
				6EA8E06D287B3D7C00FC2B13 /* ViewControllers */,
				6EA8E06C287B3D7800FC2B13 /* Resources */,
				6E4A67682B08EAE90040A136 /* Extensions */,
				6EA8E080287B47C600FC2B13 /* Main.storyboard */,
				6EA8E041287B3C7A00FC2B13 /* Assets.xcassets */,
				6EA8E043287B3C7A00FC2B13 /* LaunchScreen.storyboard */,
				6EA8E046287B3C7A00FC2B13 /* Info.plist */,
			);
			path = TianSources;
			sourceTree = "<group>";
		};
		6EA8E04E287B3C7A00FC2B13 /* TianSourcesTests */ = {
			isa = PBXGroup;
			children = (
				6EA8E04F287B3C7A00FC2B13 /* TianSourcesTests.swift */,
			);
			path = TianSourcesTests;
			sourceTree = "<group>";
		};
		6EA8E058287B3C7A00FC2B13 /* TianSourcesUITests */ = {
			isa = PBXGroup;
			children = (
				6EA8E059287B3C7A00FC2B13 /* TianSourcesUITests.swift */,
				6EA8E05B287B3C7A00FC2B13 /* TianSourcesUITestsLaunchTests.swift */,
			);
			path = TianSourcesUITests;
			sourceTree = "<group>";
		};
		6EA8E06C287B3D7800FC2B13 /* Resources */ = {
			isa = PBXGroup;
			children = (
				6EA8E077287B403F00FC2B13 /* BaseClass */,
				6EA8E074287B3E3B00FC2B13 /* Assets */,
				6EA8E073287B3E3200FC2B13 /* Fonts */,
				6EA8E072287B3E2600FC2B13 /* Utilitis */,
				6EA8E038287B3C7800FC2B13 /* AppDelegate.swift */,
				6EA8E03A287B3C7800FC2B13 /* SceneDelegate.swift */,
			);
			name = Resources;
			path = "Réources";
			sourceTree = "<group>";
		};
		6EA8E06D287B3D7C00FC2B13 /* ViewControllers */ = {
			isa = PBXGroup;
			children = (
				6ECA34CB28BCAFDB00DC4708 /* TAToastNotification */,
				6E4D34E1287F274800E88D45 /* TAButton */,
				6EA8E07A287B415B00FC2B13 /* TALauncherViewController */,
				6EA8E070287B3DDA00FC2B13 /* MainViewController */,
				6EA8E07D287B42BD00FC2B13 /* BaseViewController.swift */,
			);
			path = ViewControllers;
			sourceTree = "<group>";
		};
		6EA8E06E287B3D7F00FC2B13 /* Models */ = {
			isa = PBXGroup;
			children = (
			);
			path = Models;
			sourceTree = "<group>";
		};
		6EA8E06F287B3D8300FC2B13 /* ModelView */ = {
			isa = PBXGroup;
			children = (
			);
			path = ModelView;
			sourceTree = "<group>";
		};
		6EA8E070287B3DDA00FC2B13 /* MainViewController */ = {
			isa = PBXGroup;
			children = (
				6EA8E071287B3E0A00FC2B13 /* MainCells */,
				6EA8E03C287B3C7800FC2B13 /* TAMainViewController.swift */,
			);
			path = MainViewController;
			sourceTree = "<group>";
		};
		6EA8E071287B3E0A00FC2B13 /* MainCells */ = {
			isa = PBXGroup;
			children = (
				6EA8E069287B3CA000FC2B13 /* SwitchTableViewCell.swift */,
				6EA8E068287B3CA000FC2B13 /* SettingTableViewCell.swift */,
			);
			path = MainCells;
			sourceTree = "<group>";
		};
		6EA8E072287B3E2600FC2B13 /* Utilitis */ = {
			isa = PBXGroup;
			children = (
			);
			path = Utilitis;
			sourceTree = "<group>";
		};
		6EA8E073287B3E3200FC2B13 /* Fonts */ = {
			isa = PBXGroup;
			children = (
			);
			path = Fonts;
			sourceTree = "<group>";
		};
		6EA8E074287B3E3B00FC2B13 /* Assets */ = {
			isa = PBXGroup;
			children = (
			);
			path = Assets;
			sourceTree = "<group>";
		};
		6EA8E077287B403F00FC2B13 /* BaseClass */ = {
			isa = PBXGroup;
			children = (
				6EA8E078287B407600FC2B13 /* AppStoryboard.swift */,
			);
			path = BaseClass;
			sourceTree = "<group>";
		};
		6EA8E07A287B415B00FC2B13 /* TALauncherViewController */ = {
			isa = PBXGroup;
			children = (
				6EA8E07B287B419100FC2B13 /* TALauncherViewController.swift */,
			);
			path = TALauncherViewController;
			sourceTree = "<group>";
		};
		6ECA34CB28BCAFDB00DC4708 /* TAToastNotification */ = {
			isa = PBXGroup;
			children = (
				6ECA34CC28BCB04100DC4708 /* TAToastViewController.swift */,
				6EFFAB3528BCC2A600DB6423 /* TASnackbarView.swift */,
				6EFFAB3728BCC2C100DB6423 /* TASnackbarViewModel.swift */,
			);
			path = TAToastNotification;
			sourceTree = "<group>";
		};
		B2A313C731461F858D07E57A /* Frameworks */ = {
			isa = PBXGroup;
			children = (
				D47964CB144DB73847E23F1C /* Pods_TianSources.framework */,
				86EAE734488881C8BCE7B810 /* Pods_TianSources_TianSourcesUITests.framework */,
				29129F1F6DBCDA2E8DCAC808 /* Pods_TianSourcesTests.framework */,
			);
			name = Frameworks;
			sourceTree = "<group>";
		};
		EB78AE2C646F962AF14801A0 /* Pods */ = {
			isa = PBXGroup;
			children = (
				D694C8A5C6B1E7783B6F51CA /* Pods-TianSources.debug.xcconfig */,
				6C080FE30C3E0A0C0E6EB47F /* Pods-TianSources.release.xcconfig */,
				DD9422DC5F2322FB1EF33D3C /* Pods-TianSources-TianSourcesUITests.debug.xcconfig */,
				E83A550340EAB459E02E8441 /* Pods-TianSources-TianSourcesUITests.release.xcconfig */,
				B63CDB73B61750B465608629 /* Pods-TianSourcesTests.debug.xcconfig */,
				1B92C52EDA93564CB10B5C45 /* Pods-TianSourcesTests.release.xcconfig */,
			);
			path = Pods;
			sourceTree = "<group>";
		};
/* End PBXGroup section */

/* Begin PBXNativeTarget section */
		6EA8E034287B3C7800FC2B13 /* TianSources */ = {
			isa = PBXNativeTarget;
			buildConfigurationList = 6EA8E05F287B3C7A00FC2B13 /* Build configuration list for PBXNativeTarget "TianSources" */;
			buildPhases = (
				5C7FB215F880603187C70A7A /* [CP] Check Pods Manifest.lock */,
				6EA8E031287B3C7800FC2B13 /* Sources */,
				6EA8E032287B3C7800FC2B13 /* Frameworks */,
				6EA8E033287B3C7800FC2B13 /* Resources */,
				7BEF56A0A74EDA217D25EC78 /* [CP] Embed Pods Frameworks */,
			);
			buildRules = (
			);
			dependencies = (
			);
			name = TianSources;
			productName = TianSources;
			productReference = 6EA8E035287B3C7800FC2B13 /* TianSources.app */;
			productType = "com.apple.product-type.application";
		};
		6EA8E04A287B3C7A00FC2B13 /* TianSourcesTests */ = {
			isa = PBXNativeTarget;
			buildConfigurationList = 6EA8E062287B3C7A00FC2B13 /* Build configuration list for PBXNativeTarget "TianSourcesTests" */;
			buildPhases = (
				4517342DCF69B0A83A0FBA4A /* [CP] Check Pods Manifest.lock */,
				6EA8E047287B3C7A00FC2B13 /* Sources */,
				6EA8E048287B3C7A00FC2B13 /* Frameworks */,
				6EA8E049287B3C7A00FC2B13 /* Resources */,
			);
			buildRules = (
			);
			dependencies = (
				6EA8E04D287B3C7A00FC2B13 /* PBXTargetDependency */,
			);
			name = TianSourcesTests;
			productName = TianSourcesTests;
			productReference = 6EA8E04B287B3C7A00FC2B13 /* TianSourcesTests.xctest */;
			productType = "com.apple.product-type.bundle.unit-test";
		};
		6EA8E054287B3C7A00FC2B13 /* TianSourcesUITests */ = {
			isa = PBXNativeTarget;
			buildConfigurationList = 6EA8E065287B3C7A00FC2B13 /* Build configuration list for PBXNativeTarget "TianSourcesUITests" */;
			buildPhases = (
				E7A73D3E79040F02699ED994 /* [CP] Check Pods Manifest.lock */,
				6EA8E051287B3C7A00FC2B13 /* Sources */,
				6EA8E052287B3C7A00FC2B13 /* Frameworks */,
				6EA8E053287B3C7A00FC2B13 /* Resources */,
				A0D12562557FA8CDABE14E25 /* [CP] Embed Pods Frameworks */,
			);
			buildRules = (
			);
			dependencies = (
				6EA8E057287B3C7A00FC2B13 /* PBXTargetDependency */,
			);
			name = TianSourcesUITests;
			productName = TianSourcesUITests;
			productReference = 6EA8E055287B3C7A00FC2B13 /* TianSourcesUITests.xctest */;
			productType = "com.apple.product-type.bundle.ui-testing";
		};
/* End PBXNativeTarget section */

/* Begin PBXProject section */
		6EA8E02D287B3C7800FC2B13 /* Project object */ = {
			isa = PBXProject;
			attributes = {
				BuildIndependentTargetsInParallel = 1;
				LastSwiftUpdateCheck = 1320;
				LastUpgradeCheck = 1320;
				TargetAttributes = {
					6EA8E034287B3C7800FC2B13 = {
						CreatedOnToolsVersion = 13.2.1;
					};
					6EA8E04A287B3C7A00FC2B13 = {
						CreatedOnToolsVersion = 13.2.1;
						TestTargetID = 6EA8E034287B3C7800FC2B13;
					};
					6EA8E054287B3C7A00FC2B13 = {
						CreatedOnToolsVersion = 13.2.1;
						TestTargetID = 6EA8E034287B3C7800FC2B13;
					};
				};
			};
			buildConfigurationList = 6EA8E030287B3C7800FC2B13 /* Build configuration list for PBXProject "TianSources" */;
			compatibilityVersion = "Xcode 13.0";
			developmentRegion = en;
			hasScannedForEncodings = 0;
			knownRegions = (
				en,
				Base,
			);
			mainGroup = 6EA8E02C287B3C7800FC2B13;
			productRefGroup = 6EA8E036287B3C7800FC2B13 /* Products */;
			projectDirPath = "";
			projectRoot = "";
			targets = (
				6EA8E034287B3C7800FC2B13 /* TianSources */,
				6EA8E04A287B3C7A00FC2B13 /* TianSourcesTests */,
				6EA8E054287B3C7A00FC2B13 /* TianSourcesUITests */,
			);
		};
/* End PBXProject section */

/* Begin PBXResourcesBuildPhase section */
		6EA8E033287B3C7800FC2B13 /* Resources */ = {
			isa = PBXResourcesBuildPhase;
			buildActionMask = 2147483647;
			files = (
				6EA8E045287B3C7A00FC2B13 /* LaunchScreen.storyboard in Resources */,
				6EA8E042287B3C7A00FC2B13 /* Assets.xcassets in Resources */,
				6EA8E081287B47C600FC2B13 /* Main.storyboard in Resources */,
			);
			runOnlyForDeploymentPostprocessing = 0;
		};
		6EA8E049287B3C7A00FC2B13 /* Resources */ = {
			isa = PBXResourcesBuildPhase;
			buildActionMask = 2147483647;
			files = (
			);
			runOnlyForDeploymentPostprocessing = 0;
		};
		6EA8E053287B3C7A00FC2B13 /* Resources */ = {
			isa = PBXResourcesBuildPhase;
			buildActionMask = 2147483647;
			files = (
			);
			runOnlyForDeploymentPostprocessing = 0;
		};
/* End PBXResourcesBuildPhase section */

/* Begin PBXShellScriptBuildPhase section */
		4517342DCF69B0A83A0FBA4A /* [CP] Check Pods Manifest.lock */ = {
			isa = PBXShellScriptBuildPhase;
			buildActionMask = 2147483647;
			files = (
			);
			inputFileListPaths = (
			);
			inputPaths = (
				"${PODS_PODFILE_DIR_PATH}/Podfile.lock",
				"${PODS_ROOT}/Manifest.lock",
			);
			name = "[CP] Check Pods Manifest.lock";
			outputFileListPaths = (
			);
			outputPaths = (
				"$(DERIVED_FILE_DIR)/Pods-TianSourcesTests-checkManifestLockResult.txt",
			);
			runOnlyForDeploymentPostprocessing = 0;
			shellPath = /bin/sh;
			shellScript = "diff \"${PODS_PODFILE_DIR_PATH}/Podfile.lock\" \"${PODS_ROOT}/Manifest.lock\" > /dev/null\nif [ $? != 0 ] ; then\n    # print error to STDERR\n    echo \"error: The sandbox is not in sync with the Podfile.lock. Run 'pod install' or update your CocoaPods installation.\" >&2\n    exit 1\nfi\n# This output is used by Xcode 'outputs' to avoid re-running this script phase.\necho \"SUCCESS\" > \"${SCRIPT_OUTPUT_FILE_0}\"\n";
			showEnvVarsInLog = 0;
		};
		5C7FB215F880603187C70A7A /* [CP] Check Pods Manifest.lock */ = {
			isa = PBXShellScriptBuildPhase;
			buildActionMask = 2147483647;
			files = (
			);
			inputFileListPaths = (
			);
			inputPaths = (
				"${PODS_PODFILE_DIR_PATH}/Podfile.lock",
				"${PODS_ROOT}/Manifest.lock",
			);
			name = "[CP] Check Pods Manifest.lock";
			outputFileListPaths = (
			);
			outputPaths = (
				"$(DERIVED_FILE_DIR)/Pods-TianSources-checkManifestLockResult.txt",
			);
			runOnlyForDeploymentPostprocessing = 0;
			shellPath = /bin/sh;
			shellScript = "diff \"${PODS_PODFILE_DIR_PATH}/Podfile.lock\" \"${PODS_ROOT}/Manifest.lock\" > /dev/null\nif [ $? != 0 ] ; then\n    # print error to STDERR\n    echo \"error: The sandbox is not in sync with the Podfile.lock. Run 'pod install' or update your CocoaPods installation.\" >&2\n    exit 1\nfi\n# This output is used by Xcode 'outputs' to avoid re-running this script phase.\necho \"SUCCESS\" > \"${SCRIPT_OUTPUT_FILE_0}\"\n";
			showEnvVarsInLog = 0;
		};
		7BEF56A0A74EDA217D25EC78 /* [CP] Embed Pods Frameworks */ = {
			isa = PBXShellScriptBuildPhase;
			buildActionMask = 2147483647;
			files = (
			);
			inputFileListPaths = (
				"${PODS_ROOT}/Target Support Files/Pods-TianSources/Pods-TianSources-frameworks-${CONFIGURATION}-input-files.xcfilelist",
			);
			name = "[CP] Embed Pods Frameworks";
			outputFileListPaths = (
				"${PODS_ROOT}/Target Support Files/Pods-TianSources/Pods-TianSources-frameworks-${CONFIGURATION}-output-files.xcfilelist",
			);
			runOnlyForDeploymentPostprocessing = 0;
			shellPath = /bin/sh;
			shellScript = "\"${PODS_ROOT}/Target Support Files/Pods-TianSources/Pods-TianSources-frameworks.sh\"\n";
			showEnvVarsInLog = 0;
		};
		A0D12562557FA8CDABE14E25 /* [CP] Embed Pods Frameworks */ = {
			isa = PBXShellScriptBuildPhase;
			buildActionMask = 2147483647;
			files = (
			);
			inputFileListPaths = (
				"${PODS_ROOT}/Target Support Files/Pods-TianSources-TianSourcesUITests/Pods-TianSources-TianSourcesUITests-frameworks-${CONFIGURATION}-input-files.xcfilelist",
			);
			name = "[CP] Embed Pods Frameworks";
			outputFileListPaths = (
				"${PODS_ROOT}/Target Support Files/Pods-TianSources-TianSourcesUITests/Pods-TianSources-TianSourcesUITests-frameworks-${CONFIGURATION}-output-files.xcfilelist",
			);
			runOnlyForDeploymentPostprocessing = 0;
			shellPath = /bin/sh;
			shellScript = "\"${PODS_ROOT}/Target Support Files/Pods-TianSources-TianSourcesUITests/Pods-TianSources-TianSourcesUITests-frameworks.sh\"\n";
			showEnvVarsInLog = 0;
		};
		E7A73D3E79040F02699ED994 /* [CP] Check Pods Manifest.lock */ = {
			isa = PBXShellScriptBuildPhase;
			buildActionMask = 2147483647;
			files = (
			);
			inputFileListPaths = (
			);
			inputPaths = (
				"${PODS_PODFILE_DIR_PATH}/Podfile.lock",
				"${PODS_ROOT}/Manifest.lock",
			);
			name = "[CP] Check Pods Manifest.lock";
			outputFileListPaths = (
			);
			outputPaths = (
				"$(DERIVED_FILE_DIR)/Pods-TianSources-TianSourcesUITests-checkManifestLockResult.txt",
			);
			runOnlyForDeploymentPostprocessing = 0;
			shellPath = /bin/sh;
			shellScript = "diff \"${PODS_PODFILE_DIR_PATH}/Podfile.lock\" \"${PODS_ROOT}/Manifest.lock\" > /dev/null\nif [ $? != 0 ] ; then\n    # print error to STDERR\n    echo \"error: The sandbox is not in sync with the Podfile.lock. Run 'pod install' or update your CocoaPods installation.\" >&2\n    exit 1\nfi\n# This output is used by Xcode 'outputs' to avoid re-running this script phase.\necho \"SUCCESS\" > \"${SCRIPT_OUTPUT_FILE_0}\"\n";
			showEnvVarsInLog = 0;
		};
/* End PBXShellScriptBuildPhase section */

/* Begin PBXSourcesBuildPhase section */
		6EA8E031287B3C7800FC2B13 /* Sources */ = {
			isa = PBXSourcesBuildPhase;
			buildActionMask = 2147483647;
			files = (
				6EA8E03D287B3C7800FC2B13 /* TAMainViewController.swift in Sources */,
				6ECA34CD28BCB04100DC4708 /* TAToastViewController.swift in Sources */,
				6EFFAB3828BCC2C100DB6423 /* TASnackbarViewModel.swift in Sources */,
				6ECA34CA28BC785F00DC4708 /* TATwoLineButton.swift in Sources */,
				6EA8E039287B3C7800FC2B13 /* AppDelegate.swift in Sources */,
				6E4A67702B08ED460040A136 /* TAExtension+UIImageView.swift in Sources */,
				6E4A676C2B08EBF20040A136 /* TAExtension+UIFont.swift in Sources */,
				6EA8E06B287B3CA000FC2B13 /* SwitchTableViewCell.swift in Sources */,
				6EA8E06A287B3CA000FC2B13 /* SettingTableViewCell.swift in Sources */,
				6EA8E07C287B419100FC2B13 /* TALauncherViewController.swift in Sources */,
				6EA8E07E287B42BD00FC2B13 /* BaseViewController.swift in Sources */,
				6E4A676E2B08EC340040A136 /* TAExtension+UIViewController.swift in Sources */,
				6EFFAB3628BCC2A600DB6423 /* TASnackbarView.swift in Sources */,
				6ECA34C828BC784000DC4708 /* TAIconTextButton.swift in Sources */,
				6E4A676A2B08EBA10040A136 /* TAExtension+UIView.swift in Sources */,
				6E4A67722B08EDD40040A136 /* TAExtensionDevice.swift in Sources */,
				6E4D34E3287F276900E88D45 /* TAButtonCustom.swift in Sources */,
				6EA8E079287B407600FC2B13 /* AppStoryboard.swift in Sources */,
				6EA8E03B287B3C7800FC2B13 /* SceneDelegate.swift in Sources */,
			);
			runOnlyForDeploymentPostprocessing = 0;
		};
		6EA8E047287B3C7A00FC2B13 /* Sources */ = {
			isa = PBXSourcesBuildPhase;
			buildActionMask = 2147483647;
			files = (
				6EA8E050287B3C7A00FC2B13 /* TianSourcesTests.swift in Sources */,
			);
			runOnlyForDeploymentPostprocessing = 0;
		};
		6EA8E051287B3C7A00FC2B13 /* Sources */ = {
			isa = PBXSourcesBuildPhase;
			buildActionMask = 2147483647;
			files = (
				6EA8E05A287B3C7A00FC2B13 /* TianSourcesUITests.swift in Sources */,
				6EA8E05C287B3C7A00FC2B13 /* TianSourcesUITestsLaunchTests.swift in Sources */,
			);
			runOnlyForDeploymentPostprocessing = 0;
		};
/* End PBXSourcesBuildPhase section */

/* Begin PBXTargetDependency section */
		6EA8E04D287B3C7A00FC2B13 /* PBXTargetDependency */ = {
			isa = PBXTargetDependency;
			target = 6EA8E034287B3C7800FC2B13 /* TianSources */;
			targetProxy = 6EA8E04C287B3C7A00FC2B13 /* PBXContainerItemProxy */;
		};
		6EA8E057287B3C7A00FC2B13 /* PBXTargetDependency */ = {
			isa = PBXTargetDependency;
			target = 6EA8E034287B3C7800FC2B13 /* TianSources */;
			targetProxy = 6EA8E056287B3C7A00FC2B13 /* PBXContainerItemProxy */;
		};
/* End PBXTargetDependency section */

/* Begin PBXVariantGroup section */
		6EA8E043287B3C7A00FC2B13 /* LaunchScreen.storyboard */ = {
			isa = PBXVariantGroup;
			children = (
				6EA8E044287B3C7A00FC2B13 /* Base */,
			);
			name = LaunchScreen.storyboard;
			sourceTree = "<group>";
		};
/* End PBXVariantGroup section */

/* Begin XCBuildConfiguration section */
		6EA8E05D287B3C7A00FC2B13 /* Debug */ = {
			isa = XCBuildConfiguration;
			buildSettings = {
				ALWAYS_SEARCH_USER_PATHS = NO;
				CLANG_ANALYZER_NONNULL = YES;
				CLANG_ANALYZER_NUMBER_OBJECT_CONVERSION = YES_AGGRESSIVE;
				CLANG_CXX_LANGUAGE_STANDARD = "gnu++17";
				CLANG_CXX_LIBRARY = "libc++";
				CLANG_ENABLE_MODULES = YES;
				CLANG_ENABLE_OBJC_ARC = YES;
				CLANG_ENABLE_OBJC_WEAK = YES;
				CLANG_WARN_BLOCK_CAPTURE_AUTORELEASING = YES;
				CLANG_WARN_BOOL_CONVERSION = YES;
				CLANG_WARN_COMMA = YES;
				CLANG_WARN_CONSTANT_CONVERSION = YES;
				CLANG_WARN_DEPRECATED_OBJC_IMPLEMENTATIONS = YES;
				CLANG_WARN_DIRECT_OBJC_ISA_USAGE = YES_ERROR;
				CLANG_WARN_DOCUMENTATION_COMMENTS = YES;
				CLANG_WARN_EMPTY_BODY = YES;
				CLANG_WARN_ENUM_CONVERSION = YES;
				CLANG_WARN_INFINITE_RECURSION = YES;
				CLANG_WARN_INT_CONVERSION = YES;
				CLANG_WARN_NON_LITERAL_NULL_CONVERSION = YES;
				CLANG_WARN_OBJC_IMPLICIT_RETAIN_SELF = YES;
				CLANG_WARN_OBJC_LITERAL_CONVERSION = YES;
				CLANG_WARN_OBJC_ROOT_CLASS = YES_ERROR;
				CLANG_WARN_QUOTED_INCLUDE_IN_FRAMEWORK_HEADER = YES;
				CLANG_WARN_RANGE_LOOP_ANALYSIS = YES;
				CLANG_WARN_STRICT_PROTOTYPES = YES;
				CLANG_WARN_SUSPICIOUS_MOVE = YES;
				CLANG_WARN_UNGUARDED_AVAILABILITY = YES_AGGRESSIVE;
				CLANG_WARN_UNREACHABLE_CODE = YES;
				CLANG_WARN__DUPLICATE_METHOD_MATCH = YES;
				COPY_PHASE_STRIP = NO;
				DEBUG_INFORMATION_FORMAT = dwarf;
				ENABLE_STRICT_OBJC_MSGSEND = YES;
				ENABLE_TESTABILITY = YES;
				GCC_C_LANGUAGE_STANDARD = gnu11;
				GCC_DYNAMIC_NO_PIC = NO;
				GCC_NO_COMMON_BLOCKS = YES;
				GCC_OPTIMIZATION_LEVEL = 0;
				GCC_PREPROCESSOR_DEFINITIONS = (
					"DEBUG=1",
					"$(inherited)",
				);
				GCC_WARN_64_TO_32_BIT_CONVERSION = YES;
				GCC_WARN_ABOUT_RETURN_TYPE = YES_ERROR;
				GCC_WARN_UNDECLARED_SELECTOR = YES;
				GCC_WARN_UNINITIALIZED_AUTOS = YES_AGGRESSIVE;
				GCC_WARN_UNUSED_FUNCTION = YES;
				GCC_WARN_UNUSED_VARIABLE = YES;
				IPHONEOS_DEPLOYMENT_TARGET = 15.2;
				MTL_ENABLE_DEBUG_INFO = INCLUDE_SOURCE;
				MTL_FAST_MATH = YES;
				ONLY_ACTIVE_ARCH = YES;
				SDKROOT = iphoneos;
				SWIFT_ACTIVE_COMPILATION_CONDITIONS = DEBUG;
				SWIFT_OPTIMIZATION_LEVEL = "-Onone";
			};
			name = Debug;
		};
		6EA8E05E287B3C7A00FC2B13 /* Release */ = {
			isa = XCBuildConfiguration;
			buildSettings = {
				ALWAYS_SEARCH_USER_PATHS = NO;
				CLANG_ANALYZER_NONNULL = YES;
				CLANG_ANALYZER_NUMBER_OBJECT_CONVERSION = YES_AGGRESSIVE;
				CLANG_CXX_LANGUAGE_STANDARD = "gnu++17";
				CLANG_CXX_LIBRARY = "libc++";
				CLANG_ENABLE_MODULES = YES;
				CLANG_ENABLE_OBJC_ARC = YES;
				CLANG_ENABLE_OBJC_WEAK = YES;
				CLANG_WARN_BLOCK_CAPTURE_AUTORELEASING = YES;
				CLANG_WARN_BOOL_CONVERSION = YES;
				CLANG_WARN_COMMA = YES;
				CLANG_WARN_CONSTANT_CONVERSION = YES;
				CLANG_WARN_DEPRECATED_OBJC_IMPLEMENTATIONS = YES;
				CLANG_WARN_DIRECT_OBJC_ISA_USAGE = YES_ERROR;
				CLANG_WARN_DOCUMENTATION_COMMENTS = YES;
				CLANG_WARN_EMPTY_BODY = YES;
				CLANG_WARN_ENUM_CONVERSION = YES;
				CLANG_WARN_INFINITE_RECURSION = YES;
				CLANG_WARN_INT_CONVERSION = YES;
				CLANG_WARN_NON_LITERAL_NULL_CONVERSION = YES;
				CLANG_WARN_OBJC_IMPLICIT_RETAIN_SELF = YES;
				CLANG_WARN_OBJC_LITERAL_CONVERSION = YES;
				CLANG_WARN_OBJC_ROOT_CLASS = YES_ERROR;
				CLANG_WARN_QUOTED_INCLUDE_IN_FRAMEWORK_HEADER = YES;
				CLANG_WARN_RANGE_LOOP_ANALYSIS = YES;
				CLANG_WARN_STRICT_PROTOTYPES = YES;
				CLANG_WARN_SUSPICIOUS_MOVE = YES;
				CLANG_WARN_UNGUARDED_AVAILABILITY = YES_AGGRESSIVE;
				CLANG_WARN_UNREACHABLE_CODE = YES;
				CLANG_WARN__DUPLICATE_METHOD_MATCH = YES;
				COPY_PHASE_STRIP = NO;
				DEBUG_INFORMATION_FORMAT = "dwarf-with-dsym";
				ENABLE_NS_ASSERTIONS = NO;
				ENABLE_STRICT_OBJC_MSGSEND = YES;
				GCC_C_LANGUAGE_STANDARD = gnu11;
				GCC_NO_COMMON_BLOCKS = YES;
				GCC_WARN_64_TO_32_BIT_CONVERSION = YES;
				GCC_WARN_ABOUT_RETURN_TYPE = YES_ERROR;
				GCC_WARN_UNDECLARED_SELECTOR = YES;
				GCC_WARN_UNINITIALIZED_AUTOS = YES_AGGRESSIVE;
				GCC_WARN_UNUSED_FUNCTION = YES;
				GCC_WARN_UNUSED_VARIABLE = YES;
				IPHONEOS_DEPLOYMENT_TARGET = 15.2;
				MTL_ENABLE_DEBUG_INFO = NO;
				MTL_FAST_MATH = YES;
				SDKROOT = iphoneos;
				SWIFT_COMPILATION_MODE = wholemodule;
				SWIFT_OPTIMIZATION_LEVEL = "-O";
				VALIDATE_PRODUCT = YES;
			};
			name = Release;
		};
		6EA8E060287B3C7A00FC2B13 /* Debug */ = {
			isa = XCBuildConfiguration;
			baseConfigurationReference = D694C8A5C6B1E7783B6F51CA /* Pods-TianSources.debug.xcconfig */;
			buildSettings = {
				ASSETCATALOG_COMPILER_APPICON_NAME = AppIcon;
				ASSETCATALOG_COMPILER_GLOBAL_ACCENT_COLOR_NAME = AccentColor;
				CODE_SIGN_STYLE = Automatic;
				CURRENT_PROJECT_VERSION = 1;
				DEVELOPMENT_TEAM = 35ZZ57Z857;
				GENERATE_INFOPLIST_FILE = YES;
				INFOPLIST_FILE = TianSources/Info.plist;
				INFOPLIST_KEY_UIApplicationSupportsIndirectInputEvents = YES;
				INFOPLIST_KEY_UILaunchStoryboardName = LaunchScreen;
				INFOPLIST_KEY_UIMainStoryboardFile = Main;
				INFOPLIST_KEY_UISupportedInterfaceOrientations_iPad = "UIInterfaceOrientationPortrait UIInterfaceOrientationPortraitUpsideDown UIInterfaceOrientationLandscapeLeft UIInterfaceOrientationLandscapeRight";
				INFOPLIST_KEY_UISupportedInterfaceOrientations_iPhone = "UIInterfaceOrientationPortrait UIInterfaceOrientationLandscapeLeft UIInterfaceOrientationLandscapeRight";
				LD_RUNPATH_SEARCH_PATHS = (
					"$(inherited)",
					"@executable_path/Frameworks",
				);
				MARKETING_VERSION = 1.0;
				PRODUCT_BUNDLE_IDENTIFIER = com.thientran.TianSources;
				PRODUCT_NAME = "$(TARGET_NAME)";
				SWIFT_EMIT_LOC_STRINGS = YES;
				SWIFT_VERSION = 5.0;
				TARGETED_DEVICE_FAMILY = "1,2";
			};
			name = Debug;
		};
		6EA8E061287B3C7A00FC2B13 /* Release */ = {
			isa = XCBuildConfiguration;
			baseConfigurationReference = 6C080FE30C3E0A0C0E6EB47F /* Pods-TianSources.release.xcconfig */;
			buildSettings = {
				ASSETCATALOG_COMPILER_APPICON_NAME = AppIcon;
				ASSETCATALOG_COMPILER_GLOBAL_ACCENT_COLOR_NAME = AccentColor;
				CODE_SIGN_STYLE = Automatic;
				CURRENT_PROJECT_VERSION = 1;
				DEVELOPMENT_TEAM = 35ZZ57Z857;
				GENERATE_INFOPLIST_FILE = YES;
				INFOPLIST_FILE = TianSources/Info.plist;
				INFOPLIST_KEY_UIApplicationSupportsIndirectInputEvents = YES;
				INFOPLIST_KEY_UILaunchStoryboardName = LaunchScreen;
				INFOPLIST_KEY_UIMainStoryboardFile = Main;
				INFOPLIST_KEY_UISupportedInterfaceOrientations_iPad = "UIInterfaceOrientationPortrait UIInterfaceOrientationPortraitUpsideDown UIInterfaceOrientationLandscapeLeft UIInterfaceOrientationLandscapeRight";
				INFOPLIST_KEY_UISupportedInterfaceOrientations_iPhone = "UIInterfaceOrientationPortrait UIInterfaceOrientationLandscapeLeft UIInterfaceOrientationLandscapeRight";
				LD_RUNPATH_SEARCH_PATHS = (
					"$(inherited)",
					"@executable_path/Frameworks",
				);
				MARKETING_VERSION = 1.0;
				PRODUCT_BUNDLE_IDENTIFIER = com.thientran.TianSources;
				PRODUCT_NAME = "$(TARGET_NAME)";
				SWIFT_EMIT_LOC_STRINGS = YES;
				SWIFT_VERSION = 5.0;
				TARGETED_DEVICE_FAMILY = "1,2";
			};
			name = Release;
		};
		6EA8E063287B3C7A00FC2B13 /* Debug */ = {
			isa = XCBuildConfiguration;
			baseConfigurationReference = B63CDB73B61750B465608629 /* Pods-TianSourcesTests.debug.xcconfig */;
			buildSettings = {
				ALWAYS_EMBED_SWIFT_STANDARD_LIBRARIES = YES;
				BUNDLE_LOADER = "$(TEST_HOST)";
				CODE_SIGN_STYLE = Automatic;
				CURRENT_PROJECT_VERSION = 1;
				DEVELOPMENT_TEAM = 35ZZ57Z857;
				GENERATE_INFOPLIST_FILE = YES;
				IPHONEOS_DEPLOYMENT_TARGET = 15.2;
				MARKETING_VERSION = 1.0;
				PRODUCT_BUNDLE_IDENTIFIER = com.thientran.TianSourcesTests;
				PRODUCT_NAME = "$(TARGET_NAME)";
				SWIFT_EMIT_LOC_STRINGS = NO;
				SWIFT_VERSION = 5.0;
				TARGETED_DEVICE_FAMILY = "1,2";
				TEST_HOST = "$(BUILT_PRODUCTS_DIR)/TianSources.app/TianSources";
			};
			name = Debug;
		};
		6EA8E064287B3C7A00FC2B13 /* Release */ = {
			isa = XCBuildConfiguration;
			baseConfigurationReference = 1B92C52EDA93564CB10B5C45 /* Pods-TianSourcesTests.release.xcconfig */;
			buildSettings = {
				ALWAYS_EMBED_SWIFT_STANDARD_LIBRARIES = YES;
				BUNDLE_LOADER = "$(TEST_HOST)";
				CODE_SIGN_STYLE = Automatic;
				CURRENT_PROJECT_VERSION = 1;
				DEVELOPMENT_TEAM = 35ZZ57Z857;
				GENERATE_INFOPLIST_FILE = YES;
				IPHONEOS_DEPLOYMENT_TARGET = 15.2;
				MARKETING_VERSION = 1.0;
				PRODUCT_BUNDLE_IDENTIFIER = com.thientran.TianSourcesTests;
				PRODUCT_NAME = "$(TARGET_NAME)";
				SWIFT_EMIT_LOC_STRINGS = NO;
				SWIFT_VERSION = 5.0;
				TARGETED_DEVICE_FAMILY = "1,2";
				TEST_HOST = "$(BUILT_PRODUCTS_DIR)/TianSources.app/TianSources";
			};
			name = Release;
		};
		6EA8E066287B3C7A00FC2B13 /* Debug */ = {
			isa = XCBuildConfiguration;
			baseConfigurationReference = DD9422DC5F2322FB1EF33D3C /* Pods-TianSources-TianSourcesUITests.debug.xcconfig */;
			buildSettings = {
				ALWAYS_EMBED_SWIFT_STANDARD_LIBRARIES = YES;
				CODE_SIGN_STYLE = Automatic;
				CURRENT_PROJECT_VERSION = 1;
				DEVELOPMENT_TEAM = 35ZZ57Z857;
				GENERATE_INFOPLIST_FILE = YES;
				MARKETING_VERSION = 1.0;
				PRODUCT_BUNDLE_IDENTIFIER = com.thientran.TianSourcesUITests;
				PRODUCT_NAME = "$(TARGET_NAME)";
				SWIFT_EMIT_LOC_STRINGS = NO;
				SWIFT_VERSION = 5.0;
				TARGETED_DEVICE_FAMILY = "1,2";
				TEST_TARGET_NAME = TianSources;
			};
			name = Debug;
		};
		6EA8E067287B3C7A00FC2B13 /* Release */ = {
			isa = XCBuildConfiguration;
			baseConfigurationReference = E83A550340EAB459E02E8441 /* Pods-TianSources-TianSourcesUITests.release.xcconfig */;
			buildSettings = {
				ALWAYS_EMBED_SWIFT_STANDARD_LIBRARIES = YES;
				CODE_SIGN_STYLE = Automatic;
				CURRENT_PROJECT_VERSION = 1;
				DEVELOPMENT_TEAM = 35ZZ57Z857;
				GENERATE_INFOPLIST_FILE = YES;
				MARKETING_VERSION = 1.0;
				PRODUCT_BUNDLE_IDENTIFIER = com.thientran.TianSourcesUITests;
				PRODUCT_NAME = "$(TARGET_NAME)";
				SWIFT_EMIT_LOC_STRINGS = NO;
				SWIFT_VERSION = 5.0;
				TARGETED_DEVICE_FAMILY = "1,2";
				TEST_TARGET_NAME = TianSources;
			};
			name = Release;
		};
/* End XCBuildConfiguration section */

/* Begin XCConfigurationList section */
		6EA8E030287B3C7800FC2B13 /* Build configuration list for PBXProject "TianSources" */ = {
			isa = XCConfigurationList;
			buildConfigurations = (
				6EA8E05D287B3C7A00FC2B13 /* Debug */,
				6EA8E05E287B3C7A00FC2B13 /* Release */,
			);
			defaultConfigurationIsVisible = 0;
			defaultConfigurationName = Release;
		};
		6EA8E05F287B3C7A00FC2B13 /* Build configuration list for PBXNativeTarget "TianSources" */ = {
			isa = XCConfigurationList;
			buildConfigurations = (
				6EA8E060287B3C7A00FC2B13 /* Debug */,
				6EA8E061287B3C7A00FC2B13 /* Release */,
			);
			defaultConfigurationIsVisible = 0;
			defaultConfigurationName = Release;
		};
		6EA8E062287B3C7A00FC2B13 /* Build configuration list for PBXNativeTarget "TianSourcesTests" */ = {
			isa = XCConfigurationList;
			buildConfigurations = (
				6EA8E063287B3C7A00FC2B13 /* Debug */,
				6EA8E064287B3C7A00FC2B13 /* Release */,
			);
			defaultConfigurationIsVisible = 0;
			defaultConfigurationName = Release;
		};
		6EA8E065287B3C7A00FC2B13 /* Build configuration list for PBXNativeTarget "TianSourcesUITests" */ = {
			isa = XCConfigurationList;
			buildConfigurations = (
				6EA8E066287B3C7A00FC2B13 /* Debug */,
				6EA8E067287B3C7A00FC2B13 /* Release */,
			);
			defaultConfigurationIsVisible = 0;
			defaultConfigurationName = Release;
		};
/* End XCConfigurationList section */
	};
	rootObject = 6EA8E02D287B3C7800FC2B13 /* Project object */;
}
